// !$*UTF8*$!
{
	archiveVersion = 1;
	classes = {
	};
	objectVersion = 46;
	objects = {

/* Begin PBXBuildFile section */
		4E6C918D14A1BBDB002E94A9 /* Foundation.framework in Frameworks */ = {isa = PBXBuildFile; fileRef = 4E6C918C14A1BBDB002E94A9 /* Foundation.framework */; };
		4E6C918F14A1BBDB002E94A9 /* UIKit.framework in Frameworks */ = {isa = PBXBuildFile; fileRef = 4E6C918E14A1BBDB002E94A9 /* UIKit.framework */; };
		4E6C919114A1BBDB002E94A9 /* CoreGraphics.framework in Frameworks */ = {isa = PBXBuildFile; fileRef = 4E6C919014A1BBDB002E94A9 /* CoreGraphics.framework */; };
		4E6C919314A1BBDB002E94A9 /* AddressBook.framework in Frameworks */ = {isa = PBXBuildFile; fileRef = 4E6C919214A1BBDB002E94A9 /* AddressBook.framework */; };
		4E6C919514A1BBDB002E94A9 /* AddressBookUI.framework in Frameworks */ = {isa = PBXBuildFile; fileRef = 4E6C919414A1BBDB002E94A9 /* AddressBookUI.framework */; };
		4E6C919714A1BBDC002E94A9 /* AudioToolbox.framework in Frameworks */ = {isa = PBXBuildFile; fileRef = 4E6C919614A1BBDB002E94A9 /* AudioToolbox.framework */; };
		4E6C919914A1BBDC002E94A9 /* AVFoundation.framework in Frameworks */ = {isa = PBXBuildFile; fileRef = 4E6C919814A1BBDC002E94A9 /* AVFoundation.framework */; };
		4E6C919B14A1BBDC002E94A9 /* CoreLocation.framework in Frameworks */ = {isa = PBXBuildFile; fileRef = 4E6C919A14A1BBDC002E94A9 /* CoreLocation.framework */; };
		4E6C919D14A1BBDC002E94A9 /* MediaPlayer.framework in Frameworks */ = {isa = PBXBuildFile; fileRef = 4E6C919C14A1BBDC002E94A9 /* MediaPlayer.framework */; };
		4E6C919F14A1BBDC002E94A9 /* QuartzCore.framework in Frameworks */ = {isa = PBXBuildFile; fileRef = 4E6C919E14A1BBDC002E94A9 /* QuartzCore.framework */; };
		4E6C91A114A1BBDC002E94A9 /* SystemConfiguration.framework in Frameworks */ = {isa = PBXBuildFile; fileRef = 4E6C91A014A1BBDC002E94A9 /* SystemConfiguration.framework */; };
		4E6C91A314A1BBDC002E94A9 /* MobileCoreServices.framework in Frameworks */ = {isa = PBXBuildFile; fileRef = 4E6C91A214A1BBDC002E94A9 /* MobileCoreServices.framework */; };
		4E6C91A514A1BBDC002E94A9 /* CoreMedia.framework in Frameworks */ = {isa = PBXBuildFile; fileRef = 4E6C91A414A1BBDC002E94A9 /* CoreMedia.framework */; };
		4E6C91AB14A1BBDC002E94A9 /* InfoPlist.strings in Resources */ = {isa = PBXBuildFile; fileRef = 4E6C91A914A1BBDC002E94A9 /* InfoPlist.strings */; };
		4E6C91AD14A1BBDC002E94A9 /* main.m in Sources */ = {isa = PBXBuildFile; fileRef = 4E6C91AC14A1BBDC002E94A9 /* main.m */; };
		4E6C91B014A1BBDC002E94A9 /* PhoneGap.framework in Frameworks */ = {isa = PBXBuildFile; fileRef = 4E6C91AF14A1BBDC002E94A9 /* PhoneGap.framework */; };
		4E6C91B514A1BBDC002E94A9 /* Localizable.strings in Resources */ = {isa = PBXBuildFile; fileRef = 4E6C91B314A1BBDC002E94A9 /* Localizable.strings */; };
		4E6C91B914A1BBDC002E94A9 /* Localizable.strings in Resources */ = {isa = PBXBuildFile; fileRef = 4E6C91B714A1BBDC002E94A9 /* Localizable.strings */; };
		4E6C91BC14A1BBDD002E94A9 /* icon.png in Resources */ = {isa = PBXBuildFile; fileRef = 4E6C91BB14A1BBDD002E94A9 /* icon.png */; };
		4E6C91BE14A1BBDD002E94A9 /* icon@2x.png in Resources */ = {isa = PBXBuildFile; fileRef = 4E6C91BD14A1BBDD002E94A9 /* icon@2x.png */; };
		4E6C91C014A1BBDD002E94A9 /* icon-72.png in Resources */ = {isa = PBXBuildFile; fileRef = 4E6C91BF14A1BBDD002E94A9 /* icon-72.png */; };
		4E6C91C314A1BBDD002E94A9 /* Default.png in Resources */ = {isa = PBXBuildFile; fileRef = 4E6C91C214A1BBDD002E94A9 /* Default.png */; };
		4E6C91C514A1BBDD002E94A9 /* Default@2x.png in Resources */ = {isa = PBXBuildFile; fileRef = 4E6C91C414A1BBDD002E94A9 /* Default@2x.png */; };
		4E6C91C714A1BBDD002E94A9 /* Capture.bundle in Resources */ = {isa = PBXBuildFile; fileRef = 4E6C91C614A1BBDD002E94A9 /* Capture.bundle */; };
		4E6C91C914A1BBDD002E94A9 /* PhoneGap.plist in Resources */ = {isa = PBXBuildFile; fileRef = 4E6C91C814A1BBDD002E94A9 /* PhoneGap.plist */; };
		4E6C91CD14A1BBDD002E94A9 /* AppDelegate.m in Sources */ = {isa = PBXBuildFile; fileRef = 4E6C91CC14A1BBDD002E94A9 /* AppDelegate.m */; };
/* End PBXBuildFile section */

/* Begin PBXFileReference section */
		4E6C918814A1BBDB002E94A9 /* TodoMVC for iPhone.app */ = {isa = PBXFileReference; explicitFileType = wrapper.application; includeInIndex = 0; path = "TodoMVC for iPhone.app"; sourceTree = BUILT_PRODUCTS_DIR; };
		4E6C918C14A1BBDB002E94A9 /* Foundation.framework */ = {isa = PBXFileReference; lastKnownFileType = wrapper.framework; name = Foundation.framework; path = System/Library/Frameworks/Foundation.framework; sourceTree = SDKROOT; };
		4E6C918E14A1BBDB002E94A9 /* UIKit.framework */ = {isa = PBXFileReference; lastKnownFileType = wrapper.framework; name = UIKit.framework; path = System/Library/Frameworks/UIKit.framework; sourceTree = SDKROOT; };
		4E6C919014A1BBDB002E94A9 /* CoreGraphics.framework */ = {isa = PBXFileReference; lastKnownFileType = wrapper.framework; name = CoreGraphics.framework; path = System/Library/Frameworks/CoreGraphics.framework; sourceTree = SDKROOT; };
		4E6C919214A1BBDB002E94A9 /* AddressBook.framework */ = {isa = PBXFileReference; lastKnownFileType = wrapper.framework; name = AddressBook.framework; path = System/Library/Frameworks/AddressBook.framework; sourceTree = SDKROOT; };
		4E6C919414A1BBDB002E94A9 /* AddressBookUI.framework */ = {isa = PBXFileReference; lastKnownFileType = wrapper.framework; name = AddressBookUI.framework; path = System/Library/Frameworks/AddressBookUI.framework; sourceTree = SDKROOT; };
		4E6C919614A1BBDB002E94A9 /* AudioToolbox.framework */ = {isa = PBXFileReference; lastKnownFileType = wrapper.framework; name = AudioToolbox.framework; path = System/Library/Frameworks/AudioToolbox.framework; sourceTree = SDKROOT; };
		4E6C919814A1BBDC002E94A9 /* AVFoundation.framework */ = {isa = PBXFileReference; lastKnownFileType = wrapper.framework; name = AVFoundation.framework; path = System/Library/Frameworks/AVFoundation.framework; sourceTree = SDKROOT; };
		4E6C919A14A1BBDC002E94A9 /* CoreLocation.framework */ = {isa = PBXFileReference; lastKnownFileType = wrapper.framework; name = CoreLocation.framework; path = System/Library/Frameworks/CoreLocation.framework; sourceTree = SDKROOT; };
		4E6C919C14A1BBDC002E94A9 /* MediaPlayer.framework */ = {isa = PBXFileReference; lastKnownFileType = wrapper.framework; name = MediaPlayer.framework; path = System/Library/Frameworks/MediaPlayer.framework; sourceTree = SDKROOT; };
		4E6C919E14A1BBDC002E94A9 /* QuartzCore.framework */ = {isa = PBXFileReference; lastKnownFileType = wrapper.framework; name = QuartzCore.framework; path = System/Library/Frameworks/QuartzCore.framework; sourceTree = SDKROOT; };
		4E6C91A014A1BBDC002E94A9 /* SystemConfiguration.framework */ = {isa = PBXFileReference; lastKnownFileType = wrapper.framework; name = SystemConfiguration.framework; path = System/Library/Frameworks/SystemConfiguration.framework; sourceTree = SDKROOT; };
		4E6C91A214A1BBDC002E94A9 /* MobileCoreServices.framework */ = {isa = PBXFileReference; lastKnownFileType = wrapper.framework; name = MobileCoreServices.framework; path = System/Library/Frameworks/MobileCoreServices.framework; sourceTree = SDKROOT; };
		4E6C91A414A1BBDC002E94A9 /* CoreMedia.framework */ = {isa = PBXFileReference; lastKnownFileType = wrapper.framework; name = CoreMedia.framework; path = System/Library/Frameworks/CoreMedia.framework; sourceTree = SDKROOT; };
		4E6C91A814A1BBDC002E94A9 /* TodoMVC for iPhone-Info.plist */ = {isa = PBXFileReference; lastKnownFileType = text.plist.xml; path = "TodoMVC for iPhone-Info.plist"; sourceTree = "<group>"; };
		4E6C91AA14A1BBDC002E94A9 /* en */ = {isa = PBXFileReference; lastKnownFileType = text.plist.strings; name = en; path = en.lproj/InfoPlist.strings; sourceTree = "<group>"; };
		4E6C91AC14A1BBDC002E94A9 /* main.m */ = {isa = PBXFileReference; lastKnownFileType = sourcecode.c.objc; path = main.m; sourceTree = "<group>"; };
		4E6C91AE14A1BBDC002E94A9 /* TodoMVC for iPhone-Prefix.pch */ = {isa = PBXFileReference; lastKnownFileType = sourcecode.c.h; path = "TodoMVC for iPhone-Prefix.pch"; sourceTree = "<group>"; };
		4E6C91AF14A1BBDC002E94A9 /* PhoneGap.framework */ = {isa = PBXFileReference; lastKnownFileType = wrapper.framework; name = PhoneGap.framework; path = /Users/Shared/PhoneGap/Frameworks/PhoneGap.framework; sourceTree = "<absolute>"; };
		4E6C91B414A1BBDC002E94A9 /* en */ = {isa = PBXFileReference; lastKnownFileType = text.plist.strings; name = en; path = Resources/en.lproj/Localizable.strings; sourceTree = "<group>"; };
		4E6C91B814A1BBDC002E94A9 /* es */ = {isa = PBXFileReference; lastKnownFileType = text.plist.strings; name = es; path = Resources/es.lproj/Localizable.strings; sourceTree = "<group>"; };
		4E6C91BB14A1BBDD002E94A9 /* icon.png */ = {isa = PBXFileReference; lastKnownFileType = image.png; name = icon.png; path = Resources/icons/icon.png; sourceTree = "<group>"; };
		4E6C91BD14A1BBDD002E94A9 /* icon@2x.png */ = {isa = PBXFileReference; lastKnownFileType = image.png; name = "icon@2x.png"; path = "Resources/icons/icon@2x.png"; sourceTree = "<group>"; };
		4E6C91BF14A1BBDD002E94A9 /* icon-72.png */ = {isa = PBXFileReference; lastKnownFileType = image.png; name = "icon-72.png"; path = "Resources/icons/icon-72.png"; sourceTree = "<group>"; };
		4E6C91C214A1BBDD002E94A9 /* Default.png */ = {isa = PBXFileReference; lastKnownFileType = image.png; name = Default.png; path = Resources/splash/Default.png; sourceTree = "<group>"; };
		4E6C91C414A1BBDD002E94A9 /* Default@2x.png */ = {isa = PBXFileReference; lastKnownFileType = image.png; name = "Default@2x.png"; path = "Resources/splash/Default@2x.png"; sourceTree = "<group>"; };
		4E6C91C614A1BBDD002E94A9 /* Capture.bundle */ = {isa = PBXFileReference; lastKnownFileType = "wrapper.plug-in"; name = Capture.bundle; path = Resources/Capture.bundle; sourceTree = "<group>"; };
		4E6C91C814A1BBDD002E94A9 /* PhoneGap.plist */ = {isa = PBXFileReference; lastKnownFileType = text.plist.xml; path = PhoneGap.plist; sourceTree = "<group>"; };
		4E6C91CB14A1BBDD002E94A9 /* AppDelegate.h */ = {isa = PBXFileReference; lastKnownFileType = sourcecode.c.h; name = AppDelegate.h; path = Classes/AppDelegate.h; sourceTree = "<group>"; };
		4E6C91CC14A1BBDD002E94A9 /* AppDelegate.m */ = {isa = PBXFileReference; lastKnownFileType = sourcecode.c.objc; name = AppDelegate.m; path = Classes/AppDelegate.m; sourceTree = "<group>"; };
		4E6C91CF14A1BBDD002E94A9 /* README */ = {isa = PBXFileReference; lastKnownFileType = text; name = README; path = Plugins/README; sourceTree = "<group>"; };
/* End PBXFileReference section */

/* Begin PBXFrameworksBuildPhase section */
		4E6C918214A1BBDB002E94A9 /* Frameworks */ = {
			isa = PBXFrameworksBuildPhase;
			buildActionMask = 2147483647;
			files = (
				4E6C918D14A1BBDB002E94A9 /* Foundation.framework in Frameworks */,
				4E6C918F14A1BBDB002E94A9 /* UIKit.framework in Frameworks */,
				4E6C919114A1BBDB002E94A9 /* CoreGraphics.framework in Frameworks */,
				4E6C919314A1BBDB002E94A9 /* AddressBook.framework in Frameworks */,
				4E6C919514A1BBDB002E94A9 /* AddressBookUI.framework in Frameworks */,
				4E6C919714A1BBDC002E94A9 /* AudioToolbox.framework in Frameworks */,
				4E6C919914A1BBDC002E94A9 /* AVFoundation.framework in Frameworks */,
				4E6C919B14A1BBDC002E94A9 /* CoreLocation.framework in Frameworks */,
				4E6C919D14A1BBDC002E94A9 /* MediaPlayer.framework in Frameworks */,
				4E6C919F14A1BBDC002E94A9 /* QuartzCore.framework in Frameworks */,
				4E6C91A114A1BBDC002E94A9 /* SystemConfiguration.framework in Frameworks */,
				4E6C91A314A1BBDC002E94A9 /* MobileCoreServices.framework in Frameworks */,
				4E6C91A514A1BBDC002E94A9 /* CoreMedia.framework in Frameworks */,
				4E6C91B014A1BBDC002E94A9 /* PhoneGap.framework in Frameworks */,
			);
			runOnlyForDeploymentPostprocessing = 0;
		};
		4E6C918514A1BBDB002E94A9 /* Frameworks */ = {
			isa = PBXFrameworksBuildPhase;
			buildActionMask = 2147483647;
			files = (
			);
			runOnlyForDeploymentPostprocessing = 0;
		};
/* End PBXFrameworksBuildPhase section */

/* Begin PBXGroup section */
		4E6C917A14A1BBDA002E94A9 = {
			isa = PBXGroup;
			children = (
				4E6C91A614A1BBDC002E94A9 /* TodoMVC for iPhone */,
				4E6C918B14A1BBDB002E94A9 /* Frameworks */,
				4E6C918914A1BBDB002E94A9 /* Products */,
			);
			sourceTree = "<group>";
		};
		4E6C918914A1BBDB002E94A9 /* Products */ = {
			isa = PBXGroup;
			children = (
				4E6C918814A1BBDB002E94A9 /* TodoMVC for iPhone.app */,
			);
			name = Products;
			sourceTree = "<group>";
		};
		4E6C918B14A1BBDB002E94A9 /* Frameworks */ = {
			isa = PBXGroup;
			children = (
				4E6C918C14A1BBDB002E94A9 /* Foundation.framework */,
				4E6C918E14A1BBDB002E94A9 /* UIKit.framework */,
				4E6C919014A1BBDB002E94A9 /* CoreGraphics.framework */,
				4E6C919214A1BBDB002E94A9 /* AddressBook.framework */,
				4E6C919414A1BBDB002E94A9 /* AddressBookUI.framework */,
				4E6C919614A1BBDB002E94A9 /* AudioToolbox.framework */,
				4E6C919814A1BBDC002E94A9 /* AVFoundation.framework */,
				4E6C919A14A1BBDC002E94A9 /* CoreLocation.framework */,
				4E6C919C14A1BBDC002E94A9 /* MediaPlayer.framework */,
				4E6C919E14A1BBDC002E94A9 /* QuartzCore.framework */,
				4E6C91A014A1BBDC002E94A9 /* SystemConfiguration.framework */,
				4E6C91A214A1BBDC002E94A9 /* MobileCoreServices.framework */,
				4E6C91A414A1BBDC002E94A9 /* CoreMedia.framework */,
			);
			name = Frameworks;
			sourceTree = "<group>";
		};
		4E6C91A614A1BBDC002E94A9 /* TodoMVC for iPhone */ = {
			isa = PBXGroup;
			children = (
				4E6C91AF14A1BBDC002E94A9 /* PhoneGap.framework */,
				4E6C91B114A1BBDC002E94A9 /* Resources */,
				4E6C91CA14A1BBDD002E94A9 /* Classes */,
				4E6C91CE14A1BBDD002E94A9 /* Plugins */,
				4E6C91A714A1BBDC002E94A9 /* Supporting Files */,
			);
			path = "TodoMVC for iPhone";
			sourceTree = "<group>";
		};
		4E6C91A714A1BBDC002E94A9 /* Supporting Files */ = {
			isa = PBXGroup;
			children = (
				4E6C91A814A1BBDC002E94A9 /* TodoMVC for iPhone-Info.plist */,
				4E6C91A914A1BBDC002E94A9 /* InfoPlist.strings */,
				4E6C91AC14A1BBDC002E94A9 /* main.m */,
				4E6C91AE14A1BBDC002E94A9 /* TodoMVC for iPhone-Prefix.pch */,
				4E6C91C814A1BBDD002E94A9 /* PhoneGap.plist */,
			);
			name = "Supporting Files";
			sourceTree = "<group>";
		};
		4E6C91B114A1BBDC002E94A9 /* Resources */ = {
			isa = PBXGroup;
			children = (
				4E6C91C614A1BBDD002E94A9 /* Capture.bundle */,
				4E6C91B214A1BBDC002E94A9 /* en.lproj */,
				4E6C91B614A1BBDC002E94A9 /* es.lproj */,
				4E6C91BA14A1BBDD002E94A9 /* icons */,
				4E6C91C114A1BBDD002E94A9 /* splash */,
			);
			name = Resources;
			sourceTree = "<group>";
		};
		4E6C91B214A1BBDC002E94A9 /* en.lproj */ = {
			isa = PBXGroup;
			children = (
				4E6C91B314A1BBDC002E94A9 /* Localizable.strings */,
			);
			name = en.lproj;
			sourceTree = "<group>";
		};
		4E6C91B614A1BBDC002E94A9 /* es.lproj */ = {
			isa = PBXGroup;
			children = (
				4E6C91B714A1BBDC002E94A9 /* Localizable.strings */,
			);
			name = es.lproj;
			sourceTree = "<group>";
		};
		4E6C91BA14A1BBDD002E94A9 /* icons */ = {
			isa = PBXGroup;
			children = (
				4E6C91BB14A1BBDD002E94A9 /* icon.png */,
				4E6C91BD14A1BBDD002E94A9 /* icon@2x.png */,
				4E6C91BF14A1BBDD002E94A9 /* icon-72.png */,
			);
			name = icons;
			sourceTree = "<group>";
		};
		4E6C91C114A1BBDD002E94A9 /* splash */ = {
			isa = PBXGroup;
			children = (
				4E6C91C214A1BBDD002E94A9 /* Default.png */,
				4E6C91C414A1BBDD002E94A9 /* Default@2x.png */,
			);
			name = splash;
			sourceTree = "<group>";
		};
		4E6C91CA14A1BBDD002E94A9 /* Classes */ = {
			isa = PBXGroup;
			children = (
				4E6C91CB14A1BBDD002E94A9 /* AppDelegate.h */,
				4E6C91CC14A1BBDD002E94A9 /* AppDelegate.m */,
			);
			name = Classes;
			sourceTree = "<group>";
		};
		4E6C91CE14A1BBDD002E94A9 /* Plugins */ = {
			isa = PBXGroup;
			children = (
				4E6C91CF14A1BBDD002E94A9 /* README */,
			);
			name = Plugins;
			sourceTree = "<group>";
		};
/* End PBXGroup section */

/* Begin PBXNativeTarget section */
		4E6C918714A1BBDB002E94A9 /* TodoMVC for iPhone */ = {
			isa = PBXNativeTarget;
			buildConfigurationList = 4E6C91D214A1BBDD002E94A9 /* Build configuration list for PBXNativeTarget "TodoMVC for iPhone" */;
			buildPhases = (
				4E6C918114A1BBDB002E94A9 /* Sources */,
				4E6C918214A1BBDB002E94A9 /* Frameworks */,
				4E6C918314A1BBDB002E94A9 /* Resources */,
				4E6C918414A1BBDB002E94A9 /* Sources */,
				4E6C918514A1BBDB002E94A9 /* Frameworks */,
				4E6C918614A1BBDB002E94A9 /* ShellScript */,
			);
			buildRules = (
			);
			dependencies = (
			);
			name = "TodoMVC for iPhone";
			productName = "TodoMVC for iPhone";
			productReference = 4E6C918814A1BBDB002E94A9 /* TodoMVC for iPhone.app */;
			productType = "com.apple.product-type.application";
		};
/* End PBXNativeTarget section */

/* Begin PBXProject section */
		4E6C917C14A1BBDA002E94A9 /* Project object */ = {
			isa = PBXProject;
			attributes = {
				LastUpgradeCheck = 0420;
				ORGANIZATIONNAME = "Wandou Labs";
			};
			buildConfigurationList = 4E6C917F14A1BBDA002E94A9 /* Build configuration list for PBXProject "TodoMVC for iPhone" */;
			compatibilityVersion = "Xcode 3.2";
			developmentRegion = English;
			hasScannedForEncodings = 0;
			knownRegions = (
				en,
				es,
			);
			mainGroup = 4E6C917A14A1BBDA002E94A9;
			productRefGroup = 4E6C918914A1BBDB002E94A9 /* Products */;
			projectDirPath = "";
			projectRoot = "";
			targets = (
				4E6C918714A1BBDB002E94A9 /* TodoMVC for iPhone */,
			);
		};
/* End PBXProject section */

/* Begin PBXResourcesBuildPhase section */
		4E6C918314A1BBDB002E94A9 /* Resources */ = {
			isa = PBXResourcesBuildPhase;
			buildActionMask = 2147483647;
			files = (
				4E6C91AB14A1BBDC002E94A9 /* InfoPlist.strings in Resources */,
				4E6C91B514A1BBDC002E94A9 /* Localizable.strings in Resources */,
				4E6C91B914A1BBDC002E94A9 /* Localizable.strings in Resources */,
				4E6C91BC14A1BBDD002E94A9 /* icon.png in Resources */,
				4E6C91BE14A1BBDD002E94A9 /* icon@2x.png in Resources */,
				4E6C91C014A1BBDD002E94A9 /* icon-72.png in Resources */,
				4E6C91C314A1BBDD002E94A9 /* Default.png in Resources */,
				4E6C91C514A1BBDD002E94A9 /* Default@2x.png in Resources */,
				4E6C91C714A1BBDD002E94A9 /* Capture.bundle in Resources */,
				4E6C91C914A1BBDD002E94A9 /* PhoneGap.plist in Resources */,
			);
			runOnlyForDeploymentPostprocessing = 0;
		};
/* End PBXResourcesBuildPhase section */

/* Begin PBXShellScriptBuildPhase section */
		4E6C918614A1BBDB002E94A9 /* ShellScript */ = {
			isa = PBXShellScriptBuildPhase;
			buildActionMask = 2147483647;
			files = (
			);
			inputPaths = (
			);
			outputPaths = (
			);
			runOnlyForDeploymentPostprocessing = 0;
			shellPath = /bin/bash;
			shellScript = "\n\t\t\t\t\t\t\t\tif [ ! -d \"$PROJECT_DIR/www\" ] ; then\n\t\t\t\t\t\t\t\t\tcp -R /Users/Shared/PhoneGap/Frameworks/PhoneGap.framework/www \"$PROJECT_DIR\"\n\t\t\t\t\t\t\t\tfi\n\t\t\t\t\t\t\t\t# detect www folder reference in project, if missing, print warning\n\t\t\t\t\t\t\t\tgrep \"{isa = PBXFileReference; lastKnownFileType = folder; path = www; sourceTree = \\\"<group>\\\"; };\" \"$PROJECT_DIR/$PROJECT_NAME.xcodeproj/project.pbxproj\"\n\t\t\t\t\t\t\t\trc=$? \n\t\t\t\t\t\t\t\tif [ $rc != 0 ] ; then\n\t\t\t\t\t\t\t\techo -e \"warning: Missing - Add $PROJECT_DIR/www as a folder reference in your project. Just drag and drop the folder into your project, into the Project Navigator of Xcode 4. Make sure you select the second radio-button: 'Create folder references for any added folders' (which will create a blue folder)\" 1>&2\n\t\t\t\t\t\t\t\tfi\t\t\t\t\t\t\t";
		};
/* End PBXShellScriptBuildPhase section */

/* Begin PBXSourcesBuildPhase section */
		4E6C918114A1BBDB002E94A9 /* Sources */ = {
			isa = PBXSourcesBuildPhase;
			buildActionMask = 2147483647;
			files = (
				4E6C91AD14A1BBDC002E94A9 /* main.m in Sources */,
				4E6C91CD14A1BBDD002E94A9 /* AppDelegate.m in Sources */,
			);
			runOnlyForDeploymentPostprocessing = 0;
		};
		4E6C918414A1BBDB002E94A9 /* Sources */ = {
			isa = PBXSourcesBuildPhase;
			buildActionMask = 2147483647;
			files = (
			);
			runOnlyForDeploymentPostprocessing = 0;
		};
/* End PBXSourcesBuildPhase section */

/* Begin PBXVariantGroup section */
		4E6C91A914A1BBDC002E94A9 /* InfoPlist.strings */ = {
			isa = PBXVariantGroup;
			children = (
				4E6C91AA14A1BBDC002E94A9 /* en */,
			);
			name = InfoPlist.strings;
			sourceTree = "<group>";
		};
		4E6C91B314A1BBDC002E94A9 /* Localizable.strings */ = {
			isa = PBXVariantGroup;
			children = (
				4E6C91B414A1BBDC002E94A9 /* en */,
			);
			name = Localizable.strings;
			sourceTree = "<group>";
		};
		4E6C91B714A1BBDC002E94A9 /* Localizable.strings */ = {
			isa = PBXVariantGroup;
			children = (
				4E6C91B814A1BBDC002E94A9 /* es */,
			);
			name = Localizable.strings;
			sourceTree = "<group>";
		};
/* End PBXVariantGroup section */

/* Begin XCBuildConfiguration section */
		4E6C91D014A1BBDD002E94A9 /* Debug */ = {
			isa = XCBuildConfiguration;
			buildSettings = {
				ALWAYS_SEARCH_USER_PATHS = NO;
				ARCHS = "$(ARCHS_STANDARD_32_BIT)";
				CLANG_ENABLE_OBJC_ARC = YES;
				"CODE_SIGN_IDENTITY[sdk=iphoneos*]" = "iPhone Developer";
				COPY_PHASE_STRIP = NO;
				GCC_C_LANGUAGE_STANDARD = gnu99;
				GCC_DYNAMIC_NO_PIC = NO;
				GCC_OPTIMIZATION_LEVEL = 0;
				GCC_PREPROCESSOR_DEFINITIONS = (
					"DEBUG=1",
					"$(inherited)",
				);
				GCC_SYMBOLS_PRIVATE_EXTERN = NO;
				GCC_VERSION = com.apple.compilers.llvmgcc42;
				GCC_WARN_ABOUT_MISSING_PROTOTYPES = YES;
				GCC_WARN_ABOUT_RETURN_TYPE = YES;
				GCC_WARN_UNUSED_VARIABLE = YES;
				IPHONEOS_DEPLOYMENT_TARGET = 3.0;
				SDKROOT = iphoneos;
			};
			name = Debug;
		};
		4E6C91D114A1BBDD002E94A9 /* Release */ = {
			isa = XCBuildConfiguration;
			buildSettings = {
				ALWAYS_SEARCH_USER_PATHS = NO;
				ARCHS = "$(ARCHS_STANDARD_32_BIT)";
				CLANG_ENABLE_OBJC_ARC = YES;
				"CODE_SIGN_IDENTITY[sdk=iphoneos*]" = "iPhone Developer";
				COPY_PHASE_STRIP = YES;
				GCC_C_LANGUAGE_STANDARD = gnu99;
				GCC_VERSION = com.apple.compilers.llvmgcc42;
				GCC_WARN_ABOUT_MISSING_PROTOTYPES = YES;
				GCC_WARN_ABOUT_RETURN_TYPE = YES;
				GCC_WARN_UNUSED_VARIABLE = YES;
				IPHONEOS_DEPLOYMENT_TARGET = 3.0;
				SDKROOT = iphoneos;
				VALIDATE_PRODUCT = YES;
			};
			name = Release;
		};
		4E6C91D314A1BBDD002E94A9 /* Debug */ = {
			isa = XCBuildConfiguration;
			buildSettings = {
				ALWAYS_SEARCH_USER_PATHS = YES;
				COPY_PHASE_STRIP = NO;
				FRAMEWORK_SEARCH_PATHS = /Users/Shared/PhoneGap/Frameworks;
				GCC_DYNAMIC_NO_PIC = NO;
				GCC_PRECOMPILE_PREFIX_HEADER = YES;
				GCC_PREFIX_HEADER = "TodoMVC for iPhone/TodoMVC for iPhone-Prefix.pch";
				GCC_PREPROCESSOR_DEFINITIONS = "PHONEGAP_FRAMEWORK=YES";
				INFOPLIST_FILE = "TodoMVC for iPhone/TodoMVC for iPhone-Info.plist";
				OTHER_LDFLAGS = (
					"-weak_framework",
					UIKit,
					"-weak_framework",
					AVFoundation,
					"-weak_framework",
					CoreMedia,
					"-weak_library",
					/usr/lib/libSystem.B.dylib,
				);
				PRODUCT_NAME = "$(TARGET_NAME)";
				TARGETED_DEVICE_FAMILY = "1,2";
				WRAPPER_EXTENSION = app;
			};
			name = Debug;
		};
		4E6C91D414A1BBDD002E94A9 /* Release */ = {
			isa = XCBuildConfiguration;
			buildSettings = {
				ALWAYS_SEARCH_USER_PATHS = YES;
				COPY_PHASE_STRIP = YES;
				DEBUG_INFORMATION_FORMAT = "dwarf-with-dsym";
				FRAMEWORK_SEARCH_PATHS = /Users/Shared/PhoneGap/Frameworks;
				GCC_PRECOMPILE_PREFIX_HEADER = YES;
				GCC_PREFIX_HEADER = "TodoMVC for iPhone/TodoMVC for iPhone-Prefix.pch";
				GCC_PREPROCESSOR_DEFINITIONS = "PHONEGAP_FRAMEWORK=YES";
				INFOPLIST_FILE = "TodoMVC for iPhone/TodoMVC for iPhone-Info.plist";
				OTHER_LDFLAGS = (
					"-weak_framework",
					UIKit,
					"-weak_framework",
					AVFoundation,
					"-weak_framework",
					CoreMedia,
					"-weak_library",
					/usr/lib/libSystem.B.dylib,
				);
				PRODUCT_NAME = "$(TARGET_NAME)";
				TARGETED_DEVICE_FAMILY = "1,2";
				VALIDATE_PRODUCT = YES;
				WRAPPER_EXTENSION = app;
			};
			name = Release;
		};
/* End XCBuildConfiguration section */

/* Begin XCConfigurationList section */
		4E6C917F14A1BBDA002E94A9 /* Build configuration list for PBXProject "TodoMVC for iPhone" */ = {
			isa = XCConfigurationList;
			buildConfigurations = (
				4E6C91D014A1BBDD002E94A9 /* Debug */,
				4E6C91D114A1BBDD002E94A9 /* Release */,
			);
			defaultConfigurationIsVisible = 0;
			defaultConfigurationName = Release;
		};
		4E6C91D214A1BBDD002E94A9 /* Build configuration list for PBXNativeTarget "TodoMVC for iPhone" */ = {
			isa = XCConfigurationList;
			buildConfigurations = (
				4E6C91D314A1BBDD002E94A9 /* Debug */,
				4E6C91D414A1BBDD002E94A9 /* Release */,
			);
			defaultConfigurationIsVisible = 0;
		};
/* End XCConfigurationList section */
	};
	rootObject = 4E6C917C14A1BBDA002E94A9 /* Project object */;
}
